lockfileVersion: '6.0'

settings:
  autoInstallPeers: true
  excludeLinksFromLockfile: false

devDependencies:
  dprint:
    specifier: ^0.42.5
    version: 0.42.5

packages:

  /@dprint/darwin-arm64@0.42.5:
    resolution: {integrity: sha512-3bBBlaAXQ9WTC+jvd2/iyj7cVp0G58/v5R7+YADUl5K9xF+Ah+xLFm6xw4Iwq+zsYaWDimRmLnM5iRSJC9qv1Q==}
    cpu: [arm64]
    os: [darwin]
    requiresBuild: true
    dev: true
    optional: true

  /@dprint/darwin-x64@0.42.5:
    resolution: {integrity: sha512-gwx6lODOckU3xGv0zVFad/SMMtwBleiBAzm3UVw/WkGiCVo3XrIZ6EdLr4zCmB4A2R+SOxODU70WtONCF0dGnQ==}
    cpu: [x64]
    os: [darwin]
    requiresBuild: true
    dev: true
    optional: true

  /@dprint/linux-arm64-glibc@0.42.5:
    resolution: {integrity: sha512-ijJm+zOxHK3Chnis3y5kVzvBr21Ugyodqpz1chClNWkaR+0/BYDik+lxZVrbxZw8gxqPu8iisOceCQQC42Bkzg==}
    cpu: [arm64]
    os: [linux]
    requiresBuild: true
    dev: true
    optional: true

  /@dprint/linux-arm64-musl@0.42.5:
    resolution: {integrity: sha512-OLbJgv14AvJRVBi+ZCXBH0rsMSIdCZi/z1hCTRUb901VB2OVf81k5vvBn7HS5S9wMQ2HIG8GFOyckBg0qhEgAQ==}
    cpu: [arm64]
    os: [linux]
    requiresBuild: true
    dev: true
    optional: true

  /@dprint/linux-x64-glibc@0.42.5:
    resolution: {integrity: sha512-tWh1kMbTi/lxS6hQJCDnriZonzGYN6FcN2AqF1C/TdRNjacFVvQnxZTdHPLJbgw0mSujHPinl3NtvllZ9CwVqA==}
    cpu: [x64]
    os: [linux]
    requiresBuild: true
    dev: true
    optional: true

  /@dprint/linux-x64-musl@0.42.5:
    resolution: {integrity: sha512-GObJlhUqQpaXKRMTUUEkdYgWgS1aVyMUQZFn3dBmLycl4F2gXWxKgYB6R47ESVeejsEvE9fTTuxlpK6fOHjaKQ==}
    cpu: [x64]
    os: [linux]
    requiresBuild: true
    dev: true
    optional: true

  /@dprint/win32-x64@0.42.5:
    resolution: {integrity: sha512-N2N1FlmbEFbH/WqoKGdsZplBpfq9qdhfkJHQH1poVG3KxqT0dq01oqAfnC3ZQaSBoBrBfp5GyRtj7KwCxdqxXA==}
    cpu: [x64]
    os: [win32]
    requiresBuild: true
    dev: true
    optional: true

  /dprint@0.42.5:
    resolution: {integrity: sha512-GvC3Hpsm/GKBZe6UjOZVKLb3u86puWc2lm+F+Bqgkk4fjQ9tpvZhENFra9al1rz01qfxsc3+6JZN/E9eJIME5Q==}
    hasBin: true
    requiresBuild: true
    optionalDependencies:
      '@dprint/darwin-arm64': 0.42.5
      '@dprint/darwin-x64': 0.42.5
      '@dprint/linux-arm64-glibc': 0.42.5
      '@dprint/linux-arm64-musl': 0.42.5
      '@dprint/linux-x64-glibc': 0.42.5
      '@dprint/linux-x64-musl': 0.42.5
      '@dprint/win32-x64': 0.42.5
    dev: true
